
Microsoft Visual Studio Solution File, Format Version 12.00
# Visual Studio Version 16
VisualStudioVersion = 16.0.31112.23
MinimumVisualStudioVersion = 10.0.40219.1
Project("{FAE04EC0-301F-11D3-BF4B-00C04F79EFBC}") = "CSharpPOO", "CSharpPOO\CSharpPOO.csproj", "{76325109-09F7-4A02-84E0-FA23111AD53B}"
EndProject
Global
	GlobalSection(SolutionConfigurationPlatforms) = preSolution
		Debug|Any CPU = Debug|Any CPU
		Release|Any CPU = Release|Any CPU
	EndGlobalSection
	GlobalSection(ProjectConfigurationPlatforms) = postSolution
		{76325109-09F7-4A02-84E0-FA23111AD53B}.Debug|Any CPU.ActiveCfg = Debug|Any CPU
		{76325109-09F7-4A02-84E0-FA23111AD53B}.Debug|Any CPU.Build.0 = Debug|Any CPU
		{76325109-09F7-4A02-84E0-FA23111AD53B}.Release|Any CPU.ActiveCfg = Release|Any CPU
		{76325109-09F7-4A02-84E0-FA23111AD53B}.Release|Any CPU.Build.0 = Release|Any CPU
	EndGlobalSection
	GlobalSection(SolutionProperties) = preSolution
		HideSolutionNode = FALSE
	EndGlobalSection
	GlobalSection(ExtensibilityGlobals) = postSolution
		SolutionGuid = {D9737C11-F9BB-4B8A-9167-69390C920492}
	EndGlobalSection
EndGlobal
